
Microsoft Visual Studio Solution File, Format Version 12.00
# Visual Studio Version 17
VisualStudioVersion = 17.8.34004.107
MinimumVisualStudioVersion = 10.0.40219.1
Project("{FAE04EC0-301F-11D3-BF4B-00C04F79EFBC}") = "EFCore", "EFCore\EFCore.csproj", "{3E50124E-80A3-4521-828B-898182FAE8F3}"
EndProject
Project("{FAE04EC0-301F-11D3-BF4B-00C04F79EFBC}") = "Mapping_Inhiritance", "Mapping_Inhiritance\Mapping_Inhiritance.csproj", "{A6822648-71D3-44C5-8386-946CEA20745A}"
EndProject
Global
	GlobalSection(SolutionConfigurationPlatforms) = preSolution
		Debug|Any CPU = Debug|Any CPU
		Release|Any CPU = Release|Any CPU
	EndGlobalSection
	GlobalSection(ProjectConfigurationPlatforms) = postSolution
		{3E50124E-80A3-4521-828B-898182FAE8F3}.Debug|Any CPU.ActiveCfg = Debug|Any CPU
		{3E50124E-80A3-4521-828B-898182FAE8F3}.Debug|Any CPU.Build.0 = Debug|Any CPU
		{3E50124E-80A3-4521-828B-898182FAE8F3}.Release|Any CPU.ActiveCfg = Release|Any CPU
		{3E50124E-80A3-4521-828B-898182FAE8F3}.Release|Any CPU.Build.0 = Release|Any CPU
		{A6822648-71D3-44C5-8386-946CEA20745A}.Debug|Any CPU.ActiveCfg = Debug|Any CPU
		{A6822648-71D3-44C5-8386-946CEA20745A}.Debug|Any CPU.Build.0 = Debug|Any CPU
		{A6822648-71D3-44C5-8386-946CEA20745A}.Release|Any CPU.ActiveCfg = Release|Any CPU
		{A6822648-71D3-44C5-8386-946CEA20745A}.Release|Any CPU.Build.0 = Release|Any CPU
	EndGlobalSection
	GlobalSection(SolutionProperties) = preSolution
		HideSolutionNode = FALSE
	EndGlobalSection
	GlobalSection(ExtensibilityGlobals) = postSolution
		SolutionGuid = {62276F68-19C0-4A1A-A95D-1AAA3D7A3958}
	EndGlobalSection
EndGlobal
